
Microsoft Visual Studio Solution File, Format Version 12.00
# Visual Studio 15
VisualStudioVersion = 15.0.28307.1401
MinimumVisualStudioVersion = 10.0.40219.1
Project("{8BC9CEB8-8B4A-11D0-8D11-00A0C91BC942}") = "game", "game.vcxproj", "{DDD280D7-4B85-4B03-BBC4-C46CA9BECCCB}"
EndProject
Project("{54435603-DBB4-11D2-8724-00A0C9A8B90C}") = "Setup", "gameSetup.vdproj", "{984E2E2A-0DB0-4F9D-9E5C-A3C536609A39}"
EndProject
Project("{54435603-DBB4-11D2-8724-00A0C9A8B90C}") = "mygame", "..\mygame\mygame.vdproj", "{1972BEE7-09DF-4A3F-AC14-FF7174938476}"
EndProject
Project("{54435603-DBB4-11D2-8724-00A0C9A8B90C}") = "PlantsVsZombies", "..\PlantsVsZombies\PlantsVsZombies.vdproj", "{4E0DA4FD-0196-4B5F-8AFF-ECBD2476D271}"
EndProject
Global
	GlobalSection(SolutionConfigurationPlatforms) = preSolution
		Debug|Win32 = Debug|Win32
		Release|Win32 = Release|Win32
	EndGlobalSection
	GlobalSection(ProjectConfigurationPlatforms) = postSolution
		{DDD280D7-4B85-4B03-BBC4-C46CA9BECCCB}.Debug|Win32.ActiveCfg = Debug|Win32
		{DDD280D7-4B85-4B03-BBC4-C46CA9BECCCB}.Debug|Win32.Build.0 = Debug|Win32
		{DDD280D7-4B85-4B03-BBC4-C46CA9BECCCB}.Release|Win32.ActiveCfg = Release|Win32
		{DDD280D7-4B85-4B03-BBC4-C46CA9BECCCB}.Release|Win32.Build.0 = Release|Win32
		{984E2E2A-0DB0-4F9D-9E5C-A3C536609A39}.Debug|Win32.ActiveCfg = Debug
		{984E2E2A-0DB0-4F9D-9E5C-A3C536609A39}.Release|Win32.ActiveCfg = Release
		{984E2E2A-0DB0-4F9D-9E5C-A3C536609A39}.Release|Win32.Build.0 = Release
		{1972BEE7-09DF-4A3F-AC14-FF7174938476}.Debug|Win32.ActiveCfg = Debug
		{1972BEE7-09DF-4A3F-AC14-FF7174938476}.Release|Win32.ActiveCfg = Release
		{4E0DA4FD-0196-4B5F-8AFF-ECBD2476D271}.Debug|Win32.ActiveCfg = Debug
		{4E0DA4FD-0196-4B5F-8AFF-ECBD2476D271}.Release|Win32.ActiveCfg = Release
	EndGlobalSection
	GlobalSection(SolutionProperties) = preSolution
		HideSolutionNode = FALSE
	EndGlobalSection
	GlobalSection(ExtensibilityGlobals) = postSolution
		SolutionGuid = {FD5F9445-A726-4DBE-88CF-E6CD332A9F42}
	EndGlobalSection
EndGlobal
